PODS:
  - SDWebImage (5.0.1):
    - SDWebImage/Core (= 5.0.1)
  - SDWebImage/Core (5.0.1)

DEPENDENCIES:
  - SDWebImage (~> 5.0)

SPEC REPOS:
  https://github.com/cocoapods/specs.git:
    - SDWebImage

SPEC CHECKSUMS:
  SDWebImage: 27dd2c9ea07a2252f94557c9fbb6105ee94b74c9

PODFILE CHECKSUM: 149e19679a494f9b5d7d7bc03a0a2a9eb23101eb

COCOAPODS: 1.6.1
